
Microsoft Visual Studio Solution File, Format Version 12.00
# Visual Studio Version 16
VisualStudioVersion = 16.0.30114.105
MinimumVisualStudioVersion = 10.0.40219.1
Project("{FAE04EC0-301F-11D3-BF4B-00C04F79EFBC}") = "ExampleApplication", "ExampleApplication\ExampleApplication.csproj", "{BC9C22F0-CF8C-4B9D-8E7D-0E69FA5DDA50}"
EndProject
Project("{FAE04EC0-301F-11D3-BF4B-00C04F79EFBC}") = "ExampleApplicationTest", "ExampleApplicationTest\ExampleApplicationTest.csproj", "{288D7DFE-FA68-4C97-9885-B5AC8444B33E}"
EndProject
Global
	GlobalSection(SolutionConfigurationPlatforms) = preSolution
		Debug|Any CPU = Debug|Any CPU
		Release|Any CPU = Release|Any CPU
	EndGlobalSection
	GlobalSection(ProjectConfigurationPlatforms) = postSolution
		{BC9C22F0-CF8C-4B9D-8E7D-0E69FA5DDA50}.Debug|Any CPU.ActiveCfg = Debug|Any CPU
		{BC9C22F0-CF8C-4B9D-8E7D-0E69FA5DDA50}.Debug|Any CPU.Build.0 = Debug|Any CPU
		{BC9C22F0-CF8C-4B9D-8E7D-0E69FA5DDA50}.Release|Any CPU.ActiveCfg = Release|Any CPU
		{BC9C22F0-CF8C-4B9D-8E7D-0E69FA5DDA50}.Release|Any CPU.Build.0 = Release|Any CPU
		{288D7DFE-FA68-4C97-9885-B5AC8444B33E}.Debug|Any CPU.ActiveCfg = Debug|Any CPU
		{288D7DFE-FA68-4C97-9885-B5AC8444B33E}.Debug|Any CPU.Build.0 = Debug|Any CPU
		{288D7DFE-FA68-4C97-9885-B5AC8444B33E}.Release|Any CPU.ActiveCfg = Release|Any CPU
		{288D7DFE-FA68-4C97-9885-B5AC8444B33E}.Release|Any CPU.Build.0 = Release|Any CPU
	EndGlobalSection
	GlobalSection(SolutionProperties) = preSolution
		HideSolutionNode = FALSE
	EndGlobalSection
	GlobalSection(ExtensibilityGlobals) = postSolution
		SolutionGuid = {B147640F-ECBF-4405-B838-13B809EE3054}
	EndGlobalSection
EndGlobal
